
Microsoft Visual Studio Solution File, Format Version 12.00
# Visual Studio 2013
VisualStudioVersion = 12.0.30501.0
MinimumVisualStudioVersion = 10.0.40219.1
Project("{FAE04EC0-301F-11D3-BF4B-00C04F79EFBC}") = "Toci.Hornets.GhostRider", "Toci.Hornets.GhostRider\Toci.Hornets.GhostRider.csproj", "{878B2ECA-9CC0-42CF-ACA6-CD6E44C47451}"
EndProject
Project("{FAE04EC0-301F-11D3-BF4B-00C04F79EFBC}") = "Toci.Hornets.UnitTests", "Toci.Hornets.UnitTests\Toci.Hornets.UnitTests.csproj", "{0FAC1228-C619-413B-AB31-7F82ECB44EBD}"
EndProject
Project("{FAE04EC0-301F-11D3-BF4B-00C04F79EFBC}") = "Toci.Hornets.Bytom", "Toci.Hornets.Bytom\Toci.Hornets.Bytom.csproj", "{B7F17D8A-C620-4239-A086-79DBEF372755}"
EndProject
Global
	GlobalSection(SolutionConfigurationPlatforms) = preSolution
		Debug|Any CPU = Debug|Any CPU
		Release|Any CPU = Release|Any CPU
	EndGlobalSection
	GlobalSection(ProjectConfigurationPlatforms) = postSolution
		{878B2ECA-9CC0-42CF-ACA6-CD6E44C47451}.Debug|Any CPU.ActiveCfg = Debug|Any CPU
		{878B2ECA-9CC0-42CF-ACA6-CD6E44C47451}.Debug|Any CPU.Build.0 = Debug|Any CPU
		{878B2ECA-9CC0-42CF-ACA6-CD6E44C47451}.Release|Any CPU.ActiveCfg = Release|Any CPU
		{878B2ECA-9CC0-42CF-ACA6-CD6E44C47451}.Release|Any CPU.Build.0 = Release|Any CPU
		{0FAC1228-C619-413B-AB31-7F82ECB44EBD}.Debug|Any CPU.ActiveCfg = Debug|Any CPU
		{0FAC1228-C619-413B-AB31-7F82ECB44EBD}.Debug|Any CPU.Build.0 = Debug|Any CPU
		{0FAC1228-C619-413B-AB31-7F82ECB44EBD}.Release|Any CPU.ActiveCfg = Release|Any CPU
		{0FAC1228-C619-413B-AB31-7F82ECB44EBD}.Release|Any CPU.Build.0 = Release|Any CPU
		{B7F17D8A-C620-4239-A086-79DBEF372755}.Debug|Any CPU.ActiveCfg = Debug|Any CPU
		{B7F17D8A-C620-4239-A086-79DBEF372755}.Debug|Any CPU.Build.0 = Debug|Any CPU
		{B7F17D8A-C620-4239-A086-79DBEF372755}.Release|Any CPU.ActiveCfg = Release|Any CPU
		{B7F17D8A-C620-4239-A086-79DBEF372755}.Release|Any CPU.Build.0 = Release|Any CPU
	EndGlobalSection
	GlobalSection(SolutionProperties) = preSolution
		HideSolutionNode = FALSE
	EndGlobalSection
EndGlobal
