
Microsoft Visual Studio Solution File, Format Version 12.00
# Visual Studio 14
VisualStudioVersion = 14.0.23107.0
MinimumVisualStudioVersion = 10.0.40219.1
Project("{FAE04EC0-301F-11D3-BF4B-00C04F79EFBC}") = "Toci.Hornets.GhostRider", "Toci.Hornets.GhostRider\Toci.Hornets.GhostRider.csproj", "{878B2ECA-9CC0-42CF-ACA6-CD6E44C47451}"
EndProject
Project("{FAE04EC0-301F-11D3-BF4B-00C04F79EFBC}") = "Toci.Hornets.UnitTests", "Toci.Hornets.UnitTests\Toci.Hornets.UnitTests.csproj", "{0FAC1228-C619-413B-AB31-7F82ECB44EBD}"
EndProject
Project("{FAE04EC0-301F-11D3-BF4B-00C04F79EFBC}") = "Toci.Hornets.Opole", "Toci.Hornets.Opole\Toci.Hornets.Opole.csproj", "{76565C63-6DC2-47B8-98D0-E2C57E1DD6E7}"
EndProject
Project("{FAE04EC0-301F-11D3-BF4B-00C04F79EFBC}") = "Toci.Hornets.Legnica", "Toci.Hornets.Legnica\Toci.Hornets.Legnica.csproj", "{9E9EC7C9-B279-42A1-8BE4-90F814C37FDB}"
EndProject
Project("{FAE04EC0-301F-11D3-BF4B-00C04F79EFBC}") = "Toci.Hornets.Rzeszow", "Toci.Hornets.Rzeszow\Toci.Hornets.Rzeszow.csproj", "{5D3EBBDE-DC75-4BE2-866C-0DBDD84A46A8}"
EndProject
Project("{FAE04EC0-301F-11D3-BF4B-00C04F79EFBC}") = "Toci.Hornets.Bytom", "Toci.Hornets.Bytom\Toci.Hornets.Bytom.csproj", "{B7F17D8A-C620-4239-A086-79DBEF372755}"
EndProject
Project("{FAE04EC0-301F-11D3-BF4B-00C04F79EFBC}") = "Toci.Hornets.Gliwice", "Toci.Hornets.Gliwice\Toci.Hornets.Gliwice.csproj", "{BFE04213-E553-481B-9B82-44312E146379}"
EndProject
Project("{FAE04EC0-301F-11D3-BF4B-00C04F79EFBC}") = "Toci.Hornets.Sieradz", "Toci.Hornets.Sieradz\Toci.Hornets.Sieradz.csproj", "{1109FD72-7199-4D6F-B150-918976558E66}"
EndProject
Project("{FAE04EC0-301F-11D3-BF4B-00C04F79EFBC}") = "Toci.Hornets.Wroclaw", "Toci.Hornets.Wroclaw\Toci.Hornets.Wroclaw.csproj", "{5B12A0E8-9563-4D82-93A7-DB9013C945F0}"
EndProject
Project("{FAE04EC0-301F-11D3-BF4B-00C04F79EFBC}") = "ExampleWInApp", "XML&IO&ASYNC\ExampleWInApp\ExampleWInApp.csproj", "{4BE41B64-938E-42AA-8E54-8D332670D75A}"
EndProject
Global
	GlobalSection(SolutionConfigurationPlatforms) = preSolution
		Debug|Any CPU = Debug|Any CPU
		Debug|ARM = Debug|ARM
		Debug|x64 = Debug|x64
		Debug|x86 = Debug|x86
		Release|Any CPU = Release|Any CPU
		Release|ARM = Release|ARM
		Release|x64 = Release|x64
		Release|x86 = Release|x86
	EndGlobalSection
	GlobalSection(ProjectConfigurationPlatforms) = postSolution
		{878B2ECA-9CC0-42CF-ACA6-CD6E44C47451}.Debug|Any CPU.ActiveCfg = Debug|Any CPU
		{878B2ECA-9CC0-42CF-ACA6-CD6E44C47451}.Debug|Any CPU.Build.0 = Debug|Any CPU
		{878B2ECA-9CC0-42CF-ACA6-CD6E44C47451}.Debug|ARM.ActiveCfg = Debug|Any CPU
		{878B2ECA-9CC0-42CF-ACA6-CD6E44C47451}.Debug|ARM.Build.0 = Debug|Any CPU
		{878B2ECA-9CC0-42CF-ACA6-CD6E44C47451}.Debug|x64.ActiveCfg = Debug|Any CPU
		{878B2ECA-9CC0-42CF-ACA6-CD6E44C47451}.Debug|x64.Build.0 = Debug|Any CPU
		{878B2ECA-9CC0-42CF-ACA6-CD6E44C47451}.Debug|x86.ActiveCfg = Debug|Any CPU
		{878B2ECA-9CC0-42CF-ACA6-CD6E44C47451}.Debug|x86.Build.0 = Debug|Any CPU
		{878B2ECA-9CC0-42CF-ACA6-CD6E44C47451}.Release|Any CPU.ActiveCfg = Release|Any CPU
		{878B2ECA-9CC0-42CF-ACA6-CD6E44C47451}.Release|Any CPU.Build.0 = Release|Any CPU
		{878B2ECA-9CC0-42CF-ACA6-CD6E44C47451}.Release|ARM.ActiveCfg = Release|Any CPU
		{878B2ECA-9CC0-42CF-ACA6-CD6E44C47451}.Release|ARM.Build.0 = Release|Any CPU
		{878B2ECA-9CC0-42CF-ACA6-CD6E44C47451}.Release|x64.ActiveCfg = Release|Any CPU
		{878B2ECA-9CC0-42CF-ACA6-CD6E44C47451}.Release|x64.Build.0 = Release|Any CPU
		{878B2ECA-9CC0-42CF-ACA6-CD6E44C47451}.Release|x86.ActiveCfg = Release|Any CPU
		{878B2ECA-9CC0-42CF-ACA6-CD6E44C47451}.Release|x86.Build.0 = Release|Any CPU
		{0FAC1228-C619-413B-AB31-7F82ECB44EBD}.Debug|Any CPU.ActiveCfg = Debug|Any CPU
		{0FAC1228-C619-413B-AB31-7F82ECB44EBD}.Debug|Any CPU.Build.0 = Debug|Any CPU
		{0FAC1228-C619-413B-AB31-7F82ECB44EBD}.Debug|ARM.ActiveCfg = Debug|Any CPU
		{0FAC1228-C619-413B-AB31-7F82ECB44EBD}.Debug|ARM.Build.0 = Debug|Any CPU
		{0FAC1228-C619-413B-AB31-7F82ECB44EBD}.Debug|x64.ActiveCfg = Debug|Any CPU
		{0FAC1228-C619-413B-AB31-7F82ECB44EBD}.Debug|x64.Build.0 = Debug|Any CPU
		{0FAC1228-C619-413B-AB31-7F82ECB44EBD}.Debug|x86.ActiveCfg = Debug|Any CPU
		{0FAC1228-C619-413B-AB31-7F82ECB44EBD}.Debug|x86.Build.0 = Debug|Any CPU
		{0FAC1228-C619-413B-AB31-7F82ECB44EBD}.Release|Any CPU.ActiveCfg = Release|Any CPU
		{0FAC1228-C619-413B-AB31-7F82ECB44EBD}.Release|Any CPU.Build.0 = Release|Any CPU
		{0FAC1228-C619-413B-AB31-7F82ECB44EBD}.Release|ARM.ActiveCfg = Release|Any CPU
		{0FAC1228-C619-413B-AB31-7F82ECB44EBD}.Release|ARM.Build.0 = Release|Any CPU
		{0FAC1228-C619-413B-AB31-7F82ECB44EBD}.Release|x64.ActiveCfg = Release|Any CPU
		{0FAC1228-C619-413B-AB31-7F82ECB44EBD}.Release|x64.Build.0 = Release|Any CPU
		{0FAC1228-C619-413B-AB31-7F82ECB44EBD}.Release|x86.ActiveCfg = Release|Any CPU
		{0FAC1228-C619-413B-AB31-7F82ECB44EBD}.Release|x86.Build.0 = Release|Any CPU
		{76565C63-6DC2-47B8-98D0-E2C57E1DD6E7}.Debug|Any CPU.ActiveCfg = Debug|Any CPU
		{76565C63-6DC2-47B8-98D0-E2C57E1DD6E7}.Debug|Any CPU.Build.0 = Debug|Any CPU
		{76565C63-6DC2-47B8-98D0-E2C57E1DD6E7}.Debug|ARM.ActiveCfg = Debug|Any CPU
		{76565C63-6DC2-47B8-98D0-E2C57E1DD6E7}.Debug|ARM.Build.0 = Debug|Any CPU
		{76565C63-6DC2-47B8-98D0-E2C57E1DD6E7}.Debug|x64.ActiveCfg = Debug|Any CPU
		{76565C63-6DC2-47B8-98D0-E2C57E1DD6E7}.Debug|x64.Build.0 = Debug|Any CPU
		{76565C63-6DC2-47B8-98D0-E2C57E1DD6E7}.Debug|x86.ActiveCfg = Debug|Any CPU
		{76565C63-6DC2-47B8-98D0-E2C57E1DD6E7}.Debug|x86.Build.0 = Debug|Any CPU
		{76565C63-6DC2-47B8-98D0-E2C57E1DD6E7}.Release|Any CPU.ActiveCfg = Release|Any CPU
		{76565C63-6DC2-47B8-98D0-E2C57E1DD6E7}.Release|Any CPU.Build.0 = Release|Any CPU
		{76565C63-6DC2-47B8-98D0-E2C57E1DD6E7}.Release|ARM.ActiveCfg = Release|Any CPU
		{76565C63-6DC2-47B8-98D0-E2C57E1DD6E7}.Release|ARM.Build.0 = Release|Any CPU
		{76565C63-6DC2-47B8-98D0-E2C57E1DD6E7}.Release|x64.ActiveCfg = Release|Any CPU
		{76565C63-6DC2-47B8-98D0-E2C57E1DD6E7}.Release|x64.Build.0 = Release|Any CPU
		{76565C63-6DC2-47B8-98D0-E2C57E1DD6E7}.Release|x86.ActiveCfg = Release|Any CPU
		{76565C63-6DC2-47B8-98D0-E2C57E1DD6E7}.Release|x86.Build.0 = Release|Any CPU
		{9E9EC7C9-B279-42A1-8BE4-90F814C37FDB}.Debug|Any CPU.ActiveCfg = Debug|Any CPU
		{9E9EC7C9-B279-42A1-8BE4-90F814C37FDB}.Debug|Any CPU.Build.0 = Debug|Any CPU
		{9E9EC7C9-B279-42A1-8BE4-90F814C37FDB}.Debug|ARM.ActiveCfg = Debug|Any CPU
		{9E9EC7C9-B279-42A1-8BE4-90F814C37FDB}.Debug|ARM.Build.0 = Debug|Any CPU
		{9E9EC7C9-B279-42A1-8BE4-90F814C37FDB}.Debug|x64.ActiveCfg = Debug|Any CPU
		{9E9EC7C9-B279-42A1-8BE4-90F814C37FDB}.Debug|x64.Build.0 = Debug|Any CPU
		{9E9EC7C9-B279-42A1-8BE4-90F814C37FDB}.Debug|x86.ActiveCfg = Debug|Any CPU
		{9E9EC7C9-B279-42A1-8BE4-90F814C37FDB}.Debug|x86.Build.0 = Debug|Any CPU
		{9E9EC7C9-B279-42A1-8BE4-90F814C37FDB}.Release|Any CPU.ActiveCfg = Release|Any CPU
		{9E9EC7C9-B279-42A1-8BE4-90F814C37FDB}.Release|Any CPU.Build.0 = Release|Any CPU
		{9E9EC7C9-B279-42A1-8BE4-90F814C37FDB}.Release|ARM.ActiveCfg = Release|Any CPU
		{9E9EC7C9-B279-42A1-8BE4-90F814C37FDB}.Release|ARM.Build.0 = Release|Any CPU
		{9E9EC7C9-B279-42A1-8BE4-90F814C37FDB}.Release|x64.ActiveCfg = Release|Any CPU
		{9E9EC7C9-B279-42A1-8BE4-90F814C37FDB}.Release|x64.Build.0 = Release|Any CPU
		{9E9EC7C9-B279-42A1-8BE4-90F814C37FDB}.Release|x86.ActiveCfg = Release|Any CPU
		{9E9EC7C9-B279-42A1-8BE4-90F814C37FDB}.Release|x86.Build.0 = Release|Any CPU
		{5D3EBBDE-DC75-4BE2-866C-0DBDD84A46A8}.Debug|Any CPU.ActiveCfg = Debug|Any CPU
		{5D3EBBDE-DC75-4BE2-866C-0DBDD84A46A8}.Debug|Any CPU.Build.0 = Debug|Any CPU
		{5D3EBBDE-DC75-4BE2-866C-0DBDD84A46A8}.Debug|ARM.ActiveCfg = Debug|Any CPU
		{5D3EBBDE-DC75-4BE2-866C-0DBDD84A46A8}.Debug|ARM.Build.0 = Debug|Any CPU
		{5D3EBBDE-DC75-4BE2-866C-0DBDD84A46A8}.Debug|x64.ActiveCfg = Debug|Any CPU
		{5D3EBBDE-DC75-4BE2-866C-0DBDD84A46A8}.Debug|x64.Build.0 = Debug|Any CPU
		{5D3EBBDE-DC75-4BE2-866C-0DBDD84A46A8}.Debug|x86.ActiveCfg = Debug|Any CPU
		{5D3EBBDE-DC75-4BE2-866C-0DBDD84A46A8}.Debug|x86.Build.0 = Debug|Any CPU
		{5D3EBBDE-DC75-4BE2-866C-0DBDD84A46A8}.Release|Any CPU.ActiveCfg = Release|Any CPU
		{5D3EBBDE-DC75-4BE2-866C-0DBDD84A46A8}.Release|Any CPU.Build.0 = Release|Any CPU
		{5D3EBBDE-DC75-4BE2-866C-0DBDD84A46A8}.Release|ARM.ActiveCfg = Release|Any CPU
		{5D3EBBDE-DC75-4BE2-866C-0DBDD84A46A8}.Release|ARM.Build.0 = Release|Any CPU
		{5D3EBBDE-DC75-4BE2-866C-0DBDD84A46A8}.Release|x64.ActiveCfg = Release|Any CPU
		{5D3EBBDE-DC75-4BE2-866C-0DBDD84A46A8}.Release|x64.Build.0 = Release|Any CPU
		{5D3EBBDE-DC75-4BE2-866C-0DBDD84A46A8}.Release|x86.ActiveCfg = Release|Any CPU
		{5D3EBBDE-DC75-4BE2-866C-0DBDD84A46A8}.Release|x86.Build.0 = Release|Any CPU
		{B7F17D8A-C620-4239-A086-79DBEF372755}.Debug|Any CPU.ActiveCfg = Debug|Any CPU
		{B7F17D8A-C620-4239-A086-79DBEF372755}.Debug|Any CPU.Build.0 = Debug|Any CPU
		{B7F17D8A-C620-4239-A086-79DBEF372755}.Debug|ARM.ActiveCfg = Debug|Any CPU
		{B7F17D8A-C620-4239-A086-79DBEF372755}.Debug|ARM.Build.0 = Debug|Any CPU
		{B7F17D8A-C620-4239-A086-79DBEF372755}.Debug|x64.ActiveCfg = Debug|Any CPU
		{B7F17D8A-C620-4239-A086-79DBEF372755}.Debug|x64.Build.0 = Debug|Any CPU
		{B7F17D8A-C620-4239-A086-79DBEF372755}.Debug|x86.ActiveCfg = Debug|Any CPU
		{B7F17D8A-C620-4239-A086-79DBEF372755}.Debug|x86.Build.0 = Debug|Any CPU
		{B7F17D8A-C620-4239-A086-79DBEF372755}.Release|Any CPU.ActiveCfg = Release|Any CPU
		{B7F17D8A-C620-4239-A086-79DBEF372755}.Release|Any CPU.Build.0 = Release|Any CPU
		{B7F17D8A-C620-4239-A086-79DBEF372755}.Release|ARM.ActiveCfg = Release|Any CPU
		{B7F17D8A-C620-4239-A086-79DBEF372755}.Release|ARM.Build.0 = Release|Any CPU
		{B7F17D8A-C620-4239-A086-79DBEF372755}.Release|x64.ActiveCfg = Release|Any CPU
		{B7F17D8A-C620-4239-A086-79DBEF372755}.Release|x64.Build.0 = Release|Any CPU
		{B7F17D8A-C620-4239-A086-79DBEF372755}.Release|x86.ActiveCfg = Release|Any CPU
		{B7F17D8A-C620-4239-A086-79DBEF372755}.Release|x86.Build.0 = Release|Any CPU
		{BFE04213-E553-481B-9B82-44312E146379}.Debug|Any CPU.ActiveCfg = Debug|Any CPU
		{BFE04213-E553-481B-9B82-44312E146379}.Debug|Any CPU.Build.0 = Debug|Any CPU
		{BFE04213-E553-481B-9B82-44312E146379}.Debug|ARM.ActiveCfg = Debug|Any CPU
		{BFE04213-E553-481B-9B82-44312E146379}.Debug|ARM.Build.0 = Debug|Any CPU
		{BFE04213-E553-481B-9B82-44312E146379}.Debug|x64.ActiveCfg = Debug|Any CPU
		{BFE04213-E553-481B-9B82-44312E146379}.Debug|x64.Build.0 = Debug|Any CPU
		{BFE04213-E553-481B-9B82-44312E146379}.Debug|x86.ActiveCfg = Debug|Any CPU
		{BFE04213-E553-481B-9B82-44312E146379}.Debug|x86.Build.0 = Debug|Any CPU
		{BFE04213-E553-481B-9B82-44312E146379}.Release|Any CPU.ActiveCfg = Release|Any CPU
		{BFE04213-E553-481B-9B82-44312E146379}.Release|Any CPU.Build.0 = Release|Any CPU
		{BFE04213-E553-481B-9B82-44312E146379}.Release|ARM.ActiveCfg = Release|Any CPU
		{BFE04213-E553-481B-9B82-44312E146379}.Release|ARM.Build.0 = Release|Any CPU
		{BFE04213-E553-481B-9B82-44312E146379}.Release|x64.ActiveCfg = Release|Any CPU
		{BFE04213-E553-481B-9B82-44312E146379}.Release|x64.Build.0 = Release|Any CPU
		{BFE04213-E553-481B-9B82-44312E146379}.Release|x86.ActiveCfg = Release|Any CPU
		{BFE04213-E553-481B-9B82-44312E146379}.Release|x86.Build.0 = Release|Any CPU
		{1109FD72-7199-4D6F-B150-918976558E66}.Debug|Any CPU.ActiveCfg = Debug|Any CPU
		{1109FD72-7199-4D6F-B150-918976558E66}.Debug|Any CPU.Build.0 = Debug|Any CPU
		{1109FD72-7199-4D6F-B150-918976558E66}.Debug|ARM.ActiveCfg = Debug|Any CPU
		{1109FD72-7199-4D6F-B150-918976558E66}.Debug|ARM.Build.0 = Debug|Any CPU
		{1109FD72-7199-4D6F-B150-918976558E66}.Debug|x64.ActiveCfg = Debug|Any CPU
		{1109FD72-7199-4D6F-B150-918976558E66}.Debug|x64.Build.0 = Debug|Any CPU
		{1109FD72-7199-4D6F-B150-918976558E66}.Debug|x86.ActiveCfg = Debug|Any CPU
		{1109FD72-7199-4D6F-B150-918976558E66}.Debug|x86.Build.0 = Debug|Any CPU
		{1109FD72-7199-4D6F-B150-918976558E66}.Release|Any CPU.ActiveCfg = Release|Any CPU
		{1109FD72-7199-4D6F-B150-918976558E66}.Release|Any CPU.Build.0 = Release|Any CPU
		{1109FD72-7199-4D6F-B150-918976558E66}.Release|ARM.ActiveCfg = Release|Any CPU
		{1109FD72-7199-4D6F-B150-918976558E66}.Release|ARM.Build.0 = Release|Any CPU
		{1109FD72-7199-4D6F-B150-918976558E66}.Release|x64.ActiveCfg = Release|Any CPU
		{1109FD72-7199-4D6F-B150-918976558E66}.Release|x64.Build.0 = Release|Any CPU
		{1109FD72-7199-4D6F-B150-918976558E66}.Release|x86.ActiveCfg = Release|Any CPU
		{1109FD72-7199-4D6F-B150-918976558E66}.Release|x86.Build.0 = Release|Any CPU
		{5B12A0E8-9563-4D82-93A7-DB9013C945F0}.Debug|Any CPU.ActiveCfg = Debug|Any CPU
		{5B12A0E8-9563-4D82-93A7-DB9013C945F0}.Debug|Any CPU.Build.0 = Debug|Any CPU
		{5B12A0E8-9563-4D82-93A7-DB9013C945F0}.Debug|ARM.ActiveCfg = Debug|Any CPU
		{5B12A0E8-9563-4D82-93A7-DB9013C945F0}.Debug|ARM.Build.0 = Debug|Any CPU
		{5B12A0E8-9563-4D82-93A7-DB9013C945F0}.Debug|x64.ActiveCfg = Debug|Any CPU
		{5B12A0E8-9563-4D82-93A7-DB9013C945F0}.Debug|x64.Build.0 = Debug|Any CPU
		{5B12A0E8-9563-4D82-93A7-DB9013C945F0}.Debug|x86.ActiveCfg = Debug|Any CPU
		{5B12A0E8-9563-4D82-93A7-DB9013C945F0}.Debug|x86.Build.0 = Debug|Any CPU
		{5B12A0E8-9563-4D82-93A7-DB9013C945F0}.Release|Any CPU.ActiveCfg = Release|Any CPU
		{5B12A0E8-9563-4D82-93A7-DB9013C945F0}.Release|Any CPU.Build.0 = Release|Any CPU
		{5B12A0E8-9563-4D82-93A7-DB9013C945F0}.Release|ARM.ActiveCfg = Release|Any CPU
		{5B12A0E8-9563-4D82-93A7-DB9013C945F0}.Release|ARM.Build.0 = Release|Any CPU
		{5B12A0E8-9563-4D82-93A7-DB9013C945F0}.Release|x64.ActiveCfg = Release|Any CPU
		{5B12A0E8-9563-4D82-93A7-DB9013C945F0}.Release|x64.Build.0 = Release|Any CPU
		{5B12A0E8-9563-4D82-93A7-DB9013C945F0}.Release|x86.ActiveCfg = Release|Any CPU
		{5B12A0E8-9563-4D82-93A7-DB9013C945F0}.Release|x86.Build.0 = Release|Any CPU
		{4BE41B64-938E-42AA-8E54-8D332670D75A}.Debug|Any CPU.ActiveCfg = Debug|Any CPU
		{4BE41B64-938E-42AA-8E54-8D332670D75A}.Debug|Any CPU.Build.0 = Debug|Any CPU
		{4BE41B64-938E-42AA-8E54-8D332670D75A}.Debug|Any CPU.Deploy.0 = Debug|Any CPU
		{4BE41B64-938E-42AA-8E54-8D332670D75A}.Debug|ARM.ActiveCfg = Debug|ARM
		{4BE41B64-938E-42AA-8E54-8D332670D75A}.Debug|ARM.Build.0 = Debug|ARM
		{4BE41B64-938E-42AA-8E54-8D332670D75A}.Debug|ARM.Deploy.0 = Debug|ARM
		{4BE41B64-938E-42AA-8E54-8D332670D75A}.Debug|x64.ActiveCfg = Debug|x64
		{4BE41B64-938E-42AA-8E54-8D332670D75A}.Debug|x64.Build.0 = Debug|x64
		{4BE41B64-938E-42AA-8E54-8D332670D75A}.Debug|x64.Deploy.0 = Debug|x64
		{4BE41B64-938E-42AA-8E54-8D332670D75A}.Debug|x86.ActiveCfg = Debug|x86
		{4BE41B64-938E-42AA-8E54-8D332670D75A}.Debug|x86.Build.0 = Debug|x86
		{4BE41B64-938E-42AA-8E54-8D332670D75A}.Debug|x86.Deploy.0 = Debug|x86
		{4BE41B64-938E-42AA-8E54-8D332670D75A}.Release|Any CPU.ActiveCfg = Release|Any CPU
		{4BE41B64-938E-42AA-8E54-8D332670D75A}.Release|Any CPU.Build.0 = Release|Any CPU
		{4BE41B64-938E-42AA-8E54-8D332670D75A}.Release|Any CPU.Deploy.0 = Release|Any CPU
		{4BE41B64-938E-42AA-8E54-8D332670D75A}.Release|ARM.ActiveCfg = Release|ARM
		{4BE41B64-938E-42AA-8E54-8D332670D75A}.Release|ARM.Build.0 = Release|ARM
		{4BE41B64-938E-42AA-8E54-8D332670D75A}.Release|ARM.Deploy.0 = Release|ARM
		{4BE41B64-938E-42AA-8E54-8D332670D75A}.Release|x64.ActiveCfg = Release|x64
		{4BE41B64-938E-42AA-8E54-8D332670D75A}.Release|x64.Build.0 = Release|x64
		{4BE41B64-938E-42AA-8E54-8D332670D75A}.Release|x64.Deploy.0 = Release|x64
		{4BE41B64-938E-42AA-8E54-8D332670D75A}.Release|x86.ActiveCfg = Release|x86
		{4BE41B64-938E-42AA-8E54-8D332670D75A}.Release|x86.Build.0 = Release|x86
		{4BE41B64-938E-42AA-8E54-8D332670D75A}.Release|x86.Deploy.0 = Release|x86
	EndGlobalSection
	GlobalSection(SolutionProperties) = preSolution
		HideSolutionNode = FALSE
	EndGlobalSection
EndGlobal
