
Microsoft Visual Studio Solution File, Format Version 12.00
# Visual Studio 2012
Project("{FAE04EC0-301F-11D3-BF4B-00C04F79EFBC}") = "InitialTrainingLibrary", "InitialTrainingLibrary\InitialTrainingLibrary.csproj", "{CCFF23CE-5A34-4FA7-AC0E-427FD4FA97B8}"
EndProject
Project("{FAE04EC0-301F-11D3-BF4B-00C04F79EFBC}") = "InitialTrainingApp", "InitialTrainingApp\InitialTrainingApp.csproj", "{E4FAA82F-1EA9-4E0D-81B3-058366B786DE}"
EndProject
Project("{FAE04EC0-301F-11D3-BF4B-00C04F79EFBC}") = "InitialUnitTest", "InitialUnitTest\InitialUnitTest.csproj", "{7CFF86D1-EEF3-4E93-A8C5-C62B6D9D1B44}"
EndProject
Global
	GlobalSection(SolutionConfigurationPlatforms) = preSolution
		Debug|Any CPU = Debug|Any CPU
		Release|Any CPU = Release|Any CPU
	EndGlobalSection
	GlobalSection(ProjectConfigurationPlatforms) = postSolution
		{CCFF23CE-5A34-4FA7-AC0E-427FD4FA97B8}.Debug|Any CPU.ActiveCfg = Debug|Any CPU
		{CCFF23CE-5A34-4FA7-AC0E-427FD4FA97B8}.Debug|Any CPU.Build.0 = Debug|Any CPU
		{CCFF23CE-5A34-4FA7-AC0E-427FD4FA97B8}.Release|Any CPU.ActiveCfg = Release|Any CPU
		{CCFF23CE-5A34-4FA7-AC0E-427FD4FA97B8}.Release|Any CPU.Build.0 = Release|Any CPU
		{E4FAA82F-1EA9-4E0D-81B3-058366B786DE}.Debug|Any CPU.ActiveCfg = Debug|Any CPU
		{E4FAA82F-1EA9-4E0D-81B3-058366B786DE}.Debug|Any CPU.Build.0 = Debug|Any CPU
		{E4FAA82F-1EA9-4E0D-81B3-058366B786DE}.Release|Any CPU.ActiveCfg = Release|Any CPU
		{E4FAA82F-1EA9-4E0D-81B3-058366B786DE}.Release|Any CPU.Build.0 = Release|Any CPU
		{7CFF86D1-EEF3-4E93-A8C5-C62B6D9D1B44}.Debug|Any CPU.ActiveCfg = Debug|Any CPU
		{7CFF86D1-EEF3-4E93-A8C5-C62B6D9D1B44}.Debug|Any CPU.Build.0 = Debug|Any CPU
		{7CFF86D1-EEF3-4E93-A8C5-C62B6D9D1B44}.Release|Any CPU.ActiveCfg = Release|Any CPU
		{7CFF86D1-EEF3-4E93-A8C5-C62B6D9D1B44}.Release|Any CPU.Build.0 = Release|Any CPU
	EndGlobalSection
	GlobalSection(SolutionProperties) = preSolution
		HideSolutionNode = FALSE
	EndGlobalSection
EndGlobal
