
Microsoft Visual Studio Solution File, Format Version 12.00
# Visual Studio 2012
Project("{FAE04EC0-301F-11D3-BF4B-00C04F79EFBC}") = "InitialTrainingLibrary", "InitialTrainingLibrary\InitialTrainingLibrary.csproj", "{CCFF23CE-5A34-4FA7-AC0E-427FD4FA97B8}"
EndProject
Project("{FAE04EC0-301F-11D3-BF4B-00C04F79EFBC}") = "InitialTrainingApp", "InitialTrainingApp\InitialTrainingApp.csproj", "{E4FAA82F-1EA9-4E0D-81B3-058366B786DE}"
EndProject
Project("{FAE04EC0-301F-11D3-BF4B-00C04F79EFBC}") = "InitialUnitTest", "InitialUnitTest\InitialUnitTest.csproj", "{7CFF86D1-EEF3-4E93-A8C5-C62B6D9D1B44}"
EndProject
Project("{FAE04EC0-301F-11D3-BF4B-00C04F79EFBC}") = "FormsInitialTrainingApp", "FormsInitialTrainingApp\FormsInitialTrainingApp.csproj", "{D79FE4A7-9837-4EDB-8D0F-E629A3778A57}"
EndProject
Project("{2150E333-8FDC-42A3-9474-1A3956D46DE8}") = "Toci.Web", "Toci.Web", "{EEDEA193-B73F-4A9C-B1CB-A52B092826B1}"
EndProject
Project("{FAE04EC0-301F-11D3-BF4B-00C04F79EFBC}") = "Toci.TraininigLibrary", "Toci.TraininigLibrary\Toci.TraininigLibrary.csproj", "{0ED59B72-4120-4F4E-8684-D3A1D1F6BBF2}"
EndProject
Project("{FAE04EC0-301F-11D3-BF4B-00C04F79EFBC}") = "Toci.TrainingLibrary.Test", "Toci.TrainingLibrary.Test\Toci.TrainingLibrary.Test.csproj", "{192CE854-6FE7-408F-BD34-E3BA1B46F7CF}"
EndProject
Project("{FAE04EC0-301F-11D3-BF4B-00C04F79EFBC}") = "Toci.Db", "Toci.Db\Toci.Db.csproj", "{E45EA1C2-F40C-4903-94C3-30A885A71D33}"
EndProject
Project("{FAE04EC0-301F-11D3-BF4B-00C04F79EFBC}") = "Toci.DbVirtualization", "Toci.DbVirtualization\Toci.DbVirtualization.csproj", "{4770951A-AD44-41FF-A7FA-25964046E9F8}"
EndProject
Project("{FAE04EC0-301F-11D3-BF4B-00C04F79EFBC}") = "Toci.Dal", "Toci.Dal\Toci.Dal.csproj", "{B39D28C8-A026-48BC-8040-95AF3986608E}"
EndProject
Global
	GlobalSection(SolutionConfigurationPlatforms) = preSolution
		Debug|Any CPU = Debug|Any CPU
		Release|Any CPU = Release|Any CPU
	EndGlobalSection
	GlobalSection(ProjectConfigurationPlatforms) = postSolution
		{CCFF23CE-5A34-4FA7-AC0E-427FD4FA97B8}.Debug|Any CPU.ActiveCfg = Debug|Any CPU
		{CCFF23CE-5A34-4FA7-AC0E-427FD4FA97B8}.Debug|Any CPU.Build.0 = Debug|Any CPU
		{CCFF23CE-5A34-4FA7-AC0E-427FD4FA97B8}.Release|Any CPU.ActiveCfg = Release|Any CPU
		{CCFF23CE-5A34-4FA7-AC0E-427FD4FA97B8}.Release|Any CPU.Build.0 = Release|Any CPU
		{E4FAA82F-1EA9-4E0D-81B3-058366B786DE}.Debug|Any CPU.ActiveCfg = Debug|Any CPU
		{E4FAA82F-1EA9-4E0D-81B3-058366B786DE}.Debug|Any CPU.Build.0 = Debug|Any CPU
		{E4FAA82F-1EA9-4E0D-81B3-058366B786DE}.Release|Any CPU.ActiveCfg = Release|Any CPU
		{E4FAA82F-1EA9-4E0D-81B3-058366B786DE}.Release|Any CPU.Build.0 = Release|Any CPU
		{7CFF86D1-EEF3-4E93-A8C5-C62B6D9D1B44}.Debug|Any CPU.ActiveCfg = Debug|Any CPU
		{7CFF86D1-EEF3-4E93-A8C5-C62B6D9D1B44}.Debug|Any CPU.Build.0 = Debug|Any CPU
		{7CFF86D1-EEF3-4E93-A8C5-C62B6D9D1B44}.Release|Any CPU.ActiveCfg = Release|Any CPU
		{7CFF86D1-EEF3-4E93-A8C5-C62B6D9D1B44}.Release|Any CPU.Build.0 = Release|Any CPU
		{D79FE4A7-9837-4EDB-8D0F-E629A3778A57}.Debug|Any CPU.ActiveCfg = Debug|Any CPU
		{D79FE4A7-9837-4EDB-8D0F-E629A3778A57}.Debug|Any CPU.Build.0 = Debug|Any CPU
		{D79FE4A7-9837-4EDB-8D0F-E629A3778A57}.Release|Any CPU.ActiveCfg = Release|Any CPU
		{D79FE4A7-9837-4EDB-8D0F-E629A3778A57}.Release|Any CPU.Build.0 = Release|Any CPU
		{0ED59B72-4120-4F4E-8684-D3A1D1F6BBF2}.Debug|Any CPU.ActiveCfg = Debug|Any CPU
		{0ED59B72-4120-4F4E-8684-D3A1D1F6BBF2}.Debug|Any CPU.Build.0 = Debug|Any CPU
		{0ED59B72-4120-4F4E-8684-D3A1D1F6BBF2}.Release|Any CPU.ActiveCfg = Release|Any CPU
		{0ED59B72-4120-4F4E-8684-D3A1D1F6BBF2}.Release|Any CPU.Build.0 = Release|Any CPU
		{192CE854-6FE7-408F-BD34-E3BA1B46F7CF}.Debug|Any CPU.ActiveCfg = Debug|Any CPU
		{192CE854-6FE7-408F-BD34-E3BA1B46F7CF}.Debug|Any CPU.Build.0 = Debug|Any CPU
		{192CE854-6FE7-408F-BD34-E3BA1B46F7CF}.Release|Any CPU.ActiveCfg = Release|Any CPU
		{192CE854-6FE7-408F-BD34-E3BA1B46F7CF}.Release|Any CPU.Build.0 = Release|Any CPU
		{E45EA1C2-F40C-4903-94C3-30A885A71D33}.Debug|Any CPU.ActiveCfg = Debug|Any CPU
		{E45EA1C2-F40C-4903-94C3-30A885A71D33}.Debug|Any CPU.Build.0 = Debug|Any CPU
		{E45EA1C2-F40C-4903-94C3-30A885A71D33}.Release|Any CPU.ActiveCfg = Release|Any CPU
		{E45EA1C2-F40C-4903-94C3-30A885A71D33}.Release|Any CPU.Build.0 = Release|Any CPU
		{4770951A-AD44-41FF-A7FA-25964046E9F8}.Debug|Any CPU.ActiveCfg = Debug|Any CPU
		{4770951A-AD44-41FF-A7FA-25964046E9F8}.Debug|Any CPU.Build.0 = Debug|Any CPU
		{4770951A-AD44-41FF-A7FA-25964046E9F8}.Release|Any CPU.ActiveCfg = Release|Any CPU
		{4770951A-AD44-41FF-A7FA-25964046E9F8}.Release|Any CPU.Build.0 = Release|Any CPU
		{B39D28C8-A026-48BC-8040-95AF3986608E}.Debug|Any CPU.ActiveCfg = Debug|Any CPU
		{B39D28C8-A026-48BC-8040-95AF3986608E}.Debug|Any CPU.Build.0 = Debug|Any CPU
		{B39D28C8-A026-48BC-8040-95AF3986608E}.Release|Any CPU.ActiveCfg = Release|Any CPU
		{B39D28C8-A026-48BC-8040-95AF3986608E}.Release|Any CPU.Build.0 = Release|Any CPU
	EndGlobalSection
	GlobalSection(SolutionProperties) = preSolution
		HideSolutionNode = FALSE
	EndGlobalSection
EndGlobal
