
Microsoft Visual Studio Solution File, Format Version 12.00
# Visual Studio 2013
VisualStudioVersion = 12.0.31101.0
MinimumVisualStudioVersion = 10.0.40219.1
Project("{FAE04EC0-301F-11D3-BF4B-00C04F79EFBC}") = "InitialTrainingLibrary", "InitialTrainingLibrary\InitialTrainingLibrary.csproj", "{CCFF23CE-5A34-4FA7-AC0E-427FD4FA97B8}"
EndProject
Project("{FAE04EC0-301F-11D3-BF4B-00C04F79EFBC}") = "InitialTrainingApp", "InitialTrainingApp\InitialTrainingApp.csproj", "{E4FAA82F-1EA9-4E0D-81B3-058366B786DE}"
EndProject
Project("{FAE04EC0-301F-11D3-BF4B-00C04F79EFBC}") = "InitialUnitTest", "InitialUnitTest\InitialUnitTest.csproj", "{7CFF86D1-EEF3-4E93-A8C5-C62B6D9D1B44}"
EndProject
Project("{FAE04EC0-301F-11D3-BF4B-00C04F79EFBC}") = "FormsInitialTrainingApp", "FormsInitialTrainingApp\FormsInitialTrainingApp.csproj", "{D79FE4A7-9837-4EDB-8D0F-E629A3778A57}"
EndProject
Project("{2150E333-8FDC-42A3-9474-1A3956D46DE8}") = "Toci.Web", "Toci.Web", "{EEDEA193-B73F-4A9C-B1CB-A52B092826B1}"
EndProject
Project("{FAE04EC0-301F-11D3-BF4B-00C04F79EFBC}") = "Toci.TraininigLibrary", "Toci.TraininigLibrary\Toci.TraininigLibrary.csproj", "{0ED59B72-4120-4F4E-8684-D3A1D1F6BBF2}"
	ProjectSection(ProjectDependencies) = postProject
		{E45EA1C2-F40C-4903-94C3-30A885A71D33} = {E45EA1C2-F40C-4903-94C3-30A885A71D33}
		{B39D28C8-A026-48BC-8040-95AF3986608E} = {B39D28C8-A026-48BC-8040-95AF3986608E}
	EndProjectSection
EndProject
Project("{FAE04EC0-301F-11D3-BF4B-00C04F79EFBC}") = "Toci.TrainingLibrary.Test", "Toci.TrainingLibrary.Test\Toci.TrainingLibrary.Test.csproj", "{192CE854-6FE7-408F-BD34-E3BA1B46F7CF}"
	ProjectSection(ProjectDependencies) = postProject
		{70A72D90-AF63-46DD-96B8-B0EC430BAD67} = {70A72D90-AF63-46DD-96B8-B0EC430BAD67}
		{9F6E12E1-9131-4F3E-B6EC-4D2660729916} = {9F6E12E1-9131-4F3E-B6EC-4D2660729916}
	EndProjectSection
EndProject
Project("{FAE04EC0-301F-11D3-BF4B-00C04F79EFBC}") = "Toci.Db", "Toci.Db\Toci.Db.csproj", "{E45EA1C2-F40C-4903-94C3-30A885A71D33}"
EndProject
Project("{FAE04EC0-301F-11D3-BF4B-00C04F79EFBC}") = "Toci.Dal", "Toci.Dal\Toci.Dal.csproj", "{B39D28C8-A026-48BC-8040-95AF3986608E}"
EndProject
Project("{FAE04EC0-301F-11D3-BF4B-00C04F79EFBC}") = "Toci.Web.Training.Primary", "Toci.Web.Training.Primary\Toci.Web.Training.Primary.csproj", "{70A72D90-AF63-46DD-96B8-B0EC430BAD67}"
EndProject
Project("{FAE04EC0-301F-11D3-BF4B-00C04F79EFBC}") = "TrainingFive", "TrainingFive\TrainingFive.csproj", "{937C6381-C83E-4F93-A2E7-D5176B3A84C9}"
EndProject
Project("{FAE04EC0-301F-11D3-BF4B-00C04F79EFBC}") = "MvcWrappers", "MvcWrappers\MvcWrappers.csproj", "{CE2F1DA4-D9AD-4153-BAE6-F2CACE3C817D}"
EndProject
Project("{2150E333-8FDC-42A3-9474-1A3956D46DE8}") = "Toci.Webservices", "Toci.Webservices", "{6075E9A3-2AF6-4785-B964-0EFFF9EDF5C0}"
EndProject
Project("{FAE04EC0-301F-11D3-BF4B-00C04F79EFBC}") = "TrainingNineWcf", "TrainingNineWcf\TrainingNineWcf.csproj", "{9F6E12E1-9131-4F3E-B6EC-4D2660729916}"
EndProject
Project("{FAE04EC0-301F-11D3-BF4B-00C04F79EFBC}") = "TrainingEight", "TrainingEight\TrainingEight.csproj", "{7061882C-5B7F-42CE-A9EE-5C0BB934779B}"
EndProject
Global
	GlobalSection(SolutionConfigurationPlatforms) = preSolution
		Debug|Any CPU = Debug|Any CPU
		Release|Any CPU = Release|Any CPU
	EndGlobalSection
	GlobalSection(ProjectConfigurationPlatforms) = postSolution
		{CCFF23CE-5A34-4FA7-AC0E-427FD4FA97B8}.Debug|Any CPU.ActiveCfg = Debug|Any CPU
		{CCFF23CE-5A34-4FA7-AC0E-427FD4FA97B8}.Debug|Any CPU.Build.0 = Debug|Any CPU
		{CCFF23CE-5A34-4FA7-AC0E-427FD4FA97B8}.Release|Any CPU.ActiveCfg = Release|Any CPU
		{CCFF23CE-5A34-4FA7-AC0E-427FD4FA97B8}.Release|Any CPU.Build.0 = Release|Any CPU
		{E4FAA82F-1EA9-4E0D-81B3-058366B786DE}.Debug|Any CPU.ActiveCfg = Debug|Any CPU
		{E4FAA82F-1EA9-4E0D-81B3-058366B786DE}.Debug|Any CPU.Build.0 = Debug|Any CPU
		{E4FAA82F-1EA9-4E0D-81B3-058366B786DE}.Release|Any CPU.ActiveCfg = Release|Any CPU
		{E4FAA82F-1EA9-4E0D-81B3-058366B786DE}.Release|Any CPU.Build.0 = Release|Any CPU
		{7CFF86D1-EEF3-4E93-A8C5-C62B6D9D1B44}.Debug|Any CPU.ActiveCfg = Debug|Any CPU
		{7CFF86D1-EEF3-4E93-A8C5-C62B6D9D1B44}.Debug|Any CPU.Build.0 = Debug|Any CPU
		{7CFF86D1-EEF3-4E93-A8C5-C62B6D9D1B44}.Release|Any CPU.ActiveCfg = Release|Any CPU
		{7CFF86D1-EEF3-4E93-A8C5-C62B6D9D1B44}.Release|Any CPU.Build.0 = Release|Any CPU
		{D79FE4A7-9837-4EDB-8D0F-E629A3778A57}.Debug|Any CPU.ActiveCfg = Debug|Any CPU
		{D79FE4A7-9837-4EDB-8D0F-E629A3778A57}.Debug|Any CPU.Build.0 = Debug|Any CPU
		{D79FE4A7-9837-4EDB-8D0F-E629A3778A57}.Release|Any CPU.ActiveCfg = Release|Any CPU
		{D79FE4A7-9837-4EDB-8D0F-E629A3778A57}.Release|Any CPU.Build.0 = Release|Any CPU
		{0ED59B72-4120-4F4E-8684-D3A1D1F6BBF2}.Debug|Any CPU.ActiveCfg = Debug|Any CPU
		{0ED59B72-4120-4F4E-8684-D3A1D1F6BBF2}.Debug|Any CPU.Build.0 = Debug|Any CPU
		{0ED59B72-4120-4F4E-8684-D3A1D1F6BBF2}.Release|Any CPU.ActiveCfg = Release|Any CPU
		{0ED59B72-4120-4F4E-8684-D3A1D1F6BBF2}.Release|Any CPU.Build.0 = Release|Any CPU
		{192CE854-6FE7-408F-BD34-E3BA1B46F7CF}.Debug|Any CPU.ActiveCfg = Debug|Any CPU
		{192CE854-6FE7-408F-BD34-E3BA1B46F7CF}.Debug|Any CPU.Build.0 = Debug|Any CPU
		{192CE854-6FE7-408F-BD34-E3BA1B46F7CF}.Release|Any CPU.ActiveCfg = Release|Any CPU
		{192CE854-6FE7-408F-BD34-E3BA1B46F7CF}.Release|Any CPU.Build.0 = Release|Any CPU
		{E45EA1C2-F40C-4903-94C3-30A885A71D33}.Debug|Any CPU.ActiveCfg = Debug|Any CPU
		{E45EA1C2-F40C-4903-94C3-30A885A71D33}.Debug|Any CPU.Build.0 = Debug|Any CPU
		{E45EA1C2-F40C-4903-94C3-30A885A71D33}.Release|Any CPU.ActiveCfg = Release|Any CPU
		{E45EA1C2-F40C-4903-94C3-30A885A71D33}.Release|Any CPU.Build.0 = Release|Any CPU
		{B39D28C8-A026-48BC-8040-95AF3986608E}.Debug|Any CPU.ActiveCfg = Debug|Any CPU
		{B39D28C8-A026-48BC-8040-95AF3986608E}.Debug|Any CPU.Build.0 = Debug|Any CPU
		{B39D28C8-A026-48BC-8040-95AF3986608E}.Release|Any CPU.ActiveCfg = Release|Any CPU
		{B39D28C8-A026-48BC-8040-95AF3986608E}.Release|Any CPU.Build.0 = Release|Any CPU
		{70A72D90-AF63-46DD-96B8-B0EC430BAD67}.Debug|Any CPU.ActiveCfg = Debug|Any CPU
		{70A72D90-AF63-46DD-96B8-B0EC430BAD67}.Debug|Any CPU.Build.0 = Debug|Any CPU
		{70A72D90-AF63-46DD-96B8-B0EC430BAD67}.Release|Any CPU.ActiveCfg = Release|Any CPU
		{70A72D90-AF63-46DD-96B8-B0EC430BAD67}.Release|Any CPU.Build.0 = Release|Any CPU
		{937C6381-C83E-4F93-A2E7-D5176B3A84C9}.Debug|Any CPU.ActiveCfg = Debug|Any CPU
		{937C6381-C83E-4F93-A2E7-D5176B3A84C9}.Debug|Any CPU.Build.0 = Debug|Any CPU
		{937C6381-C83E-4F93-A2E7-D5176B3A84C9}.Release|Any CPU.ActiveCfg = Release|Any CPU
		{937C6381-C83E-4F93-A2E7-D5176B3A84C9}.Release|Any CPU.Build.0 = Release|Any CPU
		{CE2F1DA4-D9AD-4153-BAE6-F2CACE3C817D}.Debug|Any CPU.ActiveCfg = Debug|Any CPU
		{CE2F1DA4-D9AD-4153-BAE6-F2CACE3C817D}.Debug|Any CPU.Build.0 = Debug|Any CPU
		{CE2F1DA4-D9AD-4153-BAE6-F2CACE3C817D}.Release|Any CPU.ActiveCfg = Release|Any CPU
		{CE2F1DA4-D9AD-4153-BAE6-F2CACE3C817D}.Release|Any CPU.Build.0 = Release|Any CPU
		{9F6E12E1-9131-4F3E-B6EC-4D2660729916}.Debug|Any CPU.ActiveCfg = Debug|Any CPU
		{9F6E12E1-9131-4F3E-B6EC-4D2660729916}.Debug|Any CPU.Build.0 = Debug|Any CPU
		{9F6E12E1-9131-4F3E-B6EC-4D2660729916}.Release|Any CPU.ActiveCfg = Release|Any CPU
		{9F6E12E1-9131-4F3E-B6EC-4D2660729916}.Release|Any CPU.Build.0 = Release|Any CPU
		{7061882C-5B7F-42CE-A9EE-5C0BB934779B}.Debug|Any CPU.ActiveCfg = Debug|Any CPU
		{7061882C-5B7F-42CE-A9EE-5C0BB934779B}.Debug|Any CPU.Build.0 = Debug|Any CPU
		{7061882C-5B7F-42CE-A9EE-5C0BB934779B}.Release|Any CPU.ActiveCfg = Release|Any CPU
		{7061882C-5B7F-42CE-A9EE-5C0BB934779B}.Release|Any CPU.Build.0 = Release|Any CPU
	EndGlobalSection
	GlobalSection(SolutionProperties) = preSolution
		HideSolutionNode = FALSE
	EndGlobalSection
	GlobalSection(NestedProjects) = preSolution
		{70A72D90-AF63-46DD-96B8-B0EC430BAD67} = {EEDEA193-B73F-4A9C-B1CB-A52B092826B1}
		{937C6381-C83E-4F93-A2E7-D5176B3A84C9} = {EEDEA193-B73F-4A9C-B1CB-A52B092826B1}
		{CE2F1DA4-D9AD-4153-BAE6-F2CACE3C817D} = {EEDEA193-B73F-4A9C-B1CB-A52B092826B1}
		{9F6E12E1-9131-4F3E-B6EC-4D2660729916} = {6075E9A3-2AF6-4785-B964-0EFFF9EDF5C0}
		{7061882C-5B7F-42CE-A9EE-5C0BB934779B} = {EEDEA193-B73F-4A9C-B1CB-A52B092826B1}
	EndGlobalSection
EndGlobal
