
Microsoft Visual Studio Solution File, Format Version 12.00
# Visual Studio 2012
Project("{FAE04EC0-301F-11D3-BF4B-00C04F79EFBC}") = "Toci.BeginnersTrainingLibrary", "Toci.BeginnersTrainingLibrary\Toci.BeginnersTrainingLibrary.csproj", "{7461F541-DCE1-41E4-9A31-B1A97D654462}"
EndProject
Project("{FAE04EC0-301F-11D3-BF4B-00C04F79EFBC}") = "Toci.BeginnersTest", "Toci.BeginnersTest\Toci.BeginnersTest.csproj", "{2D2D3E79-F372-433B-9B5C-B29B3D662D69}"
EndProject
Project("{FAE04EC0-301F-11D3-BF4B-00C04F79EFBC}") = "Toci.InteligentBuilding.Interfaces", "Toci.InteligentBuilding.Interfaces\Toci.InteligentBuilding.Interfaces.csproj", "{D50FFB87-5C49-442B-A331-A0E6870665B3}"
EndProject
Project("{FAE04EC0-301F-11D3-BF4B-00C04F79EFBC}") = "Toci.InteligentBuilding.Abstraction", "Toci.InteligentBuilding.Abstraction\Toci.InteligentBuilding.Abstraction.csproj", "{6F84156D-0D2E-4429-97B9-D4D8F8F60778}"
EndProject
Project("{FAE04EC0-301F-11D3-BF4B-00C04F79EFBC}") = "Toci.InteligentBuilding", "Toci.InteligentBuilding\Toci.InteligentBuilding.csproj", "{9881BEBE-E385-4C7E-B3A8-1563D37212A8}"
EndProject
Global
	GlobalSection(SolutionConfigurationPlatforms) = preSolution
		Debug|Any CPU = Debug|Any CPU
		Release|Any CPU = Release|Any CPU
	EndGlobalSection
	GlobalSection(ProjectConfigurationPlatforms) = postSolution
		{7461F541-DCE1-41E4-9A31-B1A97D654462}.Debug|Any CPU.ActiveCfg = Debug|Any CPU
		{7461F541-DCE1-41E4-9A31-B1A97D654462}.Debug|Any CPU.Build.0 = Debug|Any CPU
		{7461F541-DCE1-41E4-9A31-B1A97D654462}.Release|Any CPU.ActiveCfg = Release|Any CPU
		{7461F541-DCE1-41E4-9A31-B1A97D654462}.Release|Any CPU.Build.0 = Release|Any CPU
		{2D2D3E79-F372-433B-9B5C-B29B3D662D69}.Debug|Any CPU.ActiveCfg = Debug|Any CPU
		{2D2D3E79-F372-433B-9B5C-B29B3D662D69}.Debug|Any CPU.Build.0 = Debug|Any CPU
		{2D2D3E79-F372-433B-9B5C-B29B3D662D69}.Release|Any CPU.ActiveCfg = Release|Any CPU
		{2D2D3E79-F372-433B-9B5C-B29B3D662D69}.Release|Any CPU.Build.0 = Release|Any CPU
		{D50FFB87-5C49-442B-A331-A0E6870665B3}.Debug|Any CPU.ActiveCfg = Debug|Any CPU
		{D50FFB87-5C49-442B-A331-A0E6870665B3}.Debug|Any CPU.Build.0 = Debug|Any CPU
		{D50FFB87-5C49-442B-A331-A0E6870665B3}.Release|Any CPU.ActiveCfg = Release|Any CPU
		{D50FFB87-5C49-442B-A331-A0E6870665B3}.Release|Any CPU.Build.0 = Release|Any CPU
		{6F84156D-0D2E-4429-97B9-D4D8F8F60778}.Debug|Any CPU.ActiveCfg = Debug|Any CPU
		{6F84156D-0D2E-4429-97B9-D4D8F8F60778}.Debug|Any CPU.Build.0 = Debug|Any CPU
		{6F84156D-0D2E-4429-97B9-D4D8F8F60778}.Release|Any CPU.ActiveCfg = Release|Any CPU
		{6F84156D-0D2E-4429-97B9-D4D8F8F60778}.Release|Any CPU.Build.0 = Release|Any CPU
		{9881BEBE-E385-4C7E-B3A8-1563D37212A8}.Debug|Any CPU.ActiveCfg = Debug|Any CPU
		{9881BEBE-E385-4C7E-B3A8-1563D37212A8}.Debug|Any CPU.Build.0 = Debug|Any CPU
		{9881BEBE-E385-4C7E-B3A8-1563D37212A8}.Release|Any CPU.ActiveCfg = Release|Any CPU
		{9881BEBE-E385-4C7E-B3A8-1563D37212A8}.Release|Any CPU.Build.0 = Release|Any CPU
	EndGlobalSection
	GlobalSection(SolutionProperties) = preSolution
		HideSolutionNode = FALSE
	EndGlobalSection
EndGlobal
