
Microsoft Visual Studio Solution File, Format Version 12.00
# Visual Studio 2012
Project("{FAE04EC0-301F-11D3-BF4B-00C04F79EFBC}") = "CommitTest", "CommitTest\CommitTest.csproj", "{174204D1-3D4B-4341-AB40-FDC7FD440FAE}"
EndProject
Global
	GlobalSection(SolutionConfigurationPlatforms) = preSolution
		Debug|Any CPU = Debug|Any CPU
		Release|Any CPU = Release|Any CPU
	EndGlobalSection
	GlobalSection(ProjectConfigurationPlatforms) = postSolution
		{174204D1-3D4B-4341-AB40-FDC7FD440FAE}.Debug|Any CPU.ActiveCfg = Debug|Any CPU
		{174204D1-3D4B-4341-AB40-FDC7FD440FAE}.Debug|Any CPU.Build.0 = Debug|Any CPU
		{174204D1-3D4B-4341-AB40-FDC7FD440FAE}.Release|Any CPU.ActiveCfg = Release|Any CPU
		{174204D1-3D4B-4341-AB40-FDC7FD440FAE}.Release|Any CPU.Build.0 = Release|Any CPU
	EndGlobalSection
	GlobalSection(SolutionProperties) = preSolution
		HideSolutionNode = FALSE
	EndGlobalSection
EndGlobal
